// !$*UTF8*$!
{
	archiveVersion = 1;
	classes = {
	};
	objectVersion = 46;
	objects = {

/* Begin PBXBuildFile section */
		0FFA49EF1A9B66ED0038D149 /* main.m in Sources */ = {isa = PBXBuildFile; fileRef = 0FFA49EE1A9B66ED0038D149 /* main.m */; };
		0FFA49F21A9B66ED0038D149 /* AppDelegate.m in Sources */ = {isa = PBXBuildFile; fileRef = 0FFA49F11A9B66ED0038D149 /* AppDelegate.m */; };
		0FFA4A141A9B67200038D149 /* foo.m in Sources */ = {isa = PBXBuildFile; fileRef = 0FFA4A131A9B67200038D149 /* foo.m */; };
		0FFA4A151A9B67200038D149 /* foo.m in Sources */ = {isa = PBXBuildFile; fileRef = 0FFA4A131A9B67200038D149 /* foo.m */; };
		0FFA4A181A9B67A80038D149 /* fooTest.swift in Sources */ = {isa = PBXBuildFile; fileRef = 0FFA4A171A9B67A80038D149 /* fooTest.swift */; };
/* End PBXBuildFile section */

/* Begin PBXContainerItemProxy section */
		0FFA4A031A9B66ED0038D149 /* PBXContainerItemProxy */ = {
			isa = PBXContainerItemProxy;
			containerPortal = 0FFA49E11A9B66ED0038D149 /* Project object */;
			proxyType = 1;
			remoteGlobalIDString = 0FFA49E81A9B66ED0038D149;
			remoteInfo = testSelectors;
		};
/* End PBXContainerItemProxy section */

/* Begin PBXFileReference section */
		0FFA49E91A9B66ED0038D149 /* testSelectors.app */ = {isa = PBXFileReference; explicitFileType = wrapper.application; includeInIndex = 0; path = testSelectors.app; sourceTree = BUILT_PRODUCTS_DIR; };
		0FFA49ED1A9B66ED0038D149 /* Info.plist */ = {isa = PBXFileReference; lastKnownFileType = text.plist.xml; path = Info.plist; sourceTree = "<group>"; };
		0FFA49EE1A9B66ED0038D149 /* main.m */ = {isa = PBXFileReference; lastKnownFileType = sourcecode.c.objc; path = main.m; sourceTree = "<group>"; };
		0FFA49F01A9B66ED0038D149 /* AppDelegate.h */ = {isa = PBXFileReference; lastKnownFileType = sourcecode.c.h; path = AppDelegate.h; sourceTree = "<group>"; };
		0FFA49F11A9B66ED0038D149 /* AppDelegate.m */ = {isa = PBXFileReference; lastKnownFileType = sourcecode.c.objc; path = AppDelegate.m; sourceTree = "<group>"; };
		0FFA4A021A9B66ED0038D149 /* testSelectorsTests.xctest */ = {isa = PBXFileReference; explicitFileType = wrapper.cfbundle; includeInIndex = 0; path = testSelectorsTests.xctest; sourceTree = BUILT_PRODUCTS_DIR; };
		0FFA4A071A9B66ED0038D149 /* Info.plist */ = {isa = PBXFileReference; lastKnownFileType = text.plist.xml; path = Info.plist; sourceTree = "<group>"; };
		0FFA4A121A9B67200038D149 /* foo.h */ = {isa = PBXFileReference; fileEncoding = 4; lastKnownFileType = sourcecode.c.h; path = foo.h; sourceTree = "<group>"; };
		0FFA4A131A9B67200038D149 /* foo.m */ = {isa = PBXFileReference; fileEncoding = 4; lastKnownFileType = sourcecode.c.objc; path = foo.m; sourceTree = "<group>"; };
		0FFA4A161A9B67A80038D149 /* testSelectorsTests-Bridging-Header.h */ = {isa = PBXFileReference; lastKnownFileType = sourcecode.c.h; name = "testSelectorsTests-Bridging-Header.h"; path = "testSelectorsTests/testSelectorsTests-Bridging-Header.h"; sourceTree = SOURCE_ROOT; };
		0FFA4A171A9B67A80038D149 /* fooTest.swift */ = {isa = PBXFileReference; fileEncoding = 4; lastKnownFileType = sourcecode.swift; path = fooTest.swift; sourceTree = "<group>"; };
/* End PBXFileReference section */

/* Begin PBXFrameworksBuildPhase section */
		0FFA49E61A9B66ED0038D149 /* Frameworks */ = {
			isa = PBXFrameworksBuildPhase;
			buildActionMask = 2147483647;
			files = (
			);
			runOnlyForDeploymentPostprocessing = 0;
		};
		0FFA49FF1A9B66ED0038D149 /* Frameworks */ = {
			isa = PBXFrameworksBuildPhase;
			buildActionMask = 2147483647;
			files = (
			);
			runOnlyForDeploymentPostprocessing = 0;
		};
/* End PBXFrameworksBuildPhase section */

/* Begin PBXGroup section */
		0FFA49E01A9B66ED0038D149 = {
			isa = PBXGroup;
			children = (
				0FFA49EB1A9B66ED0038D149 /* testSelectors */,
				0FFA4A051A9B66ED0038D149 /* testSelectorsTests */,
				0FFA49EA1A9B66ED0038D149 /* Products */,
			);
			sourceTree = "<group>";
		};
		0FFA49EA1A9B66ED0038D149 /* Products */ = {
			isa = PBXGroup;
			children = (
				0FFA49E91A9B66ED0038D149 /* testSelectors.app */,
				0FFA4A021A9B66ED0038D149 /* testSelectorsTests.xctest */,
			);
			name = Products;
			sourceTree = "<group>";
		};
		0FFA49EB1A9B66ED0038D149 /* testSelectors */ = {
			isa = PBXGroup;
			children = (
				0FFA49F01A9B66ED0038D149 /* AppDelegate.h */,
				0FFA49F11A9B66ED0038D149 /* AppDelegate.m */,
				0FFA49EC1A9B66ED0038D149 /* Supporting Files */,
				0FFA4A121A9B67200038D149 /* foo.h */,
				0FFA4A131A9B67200038D149 /* foo.m */,
			);
			path = testSelectors;
			sourceTree = "<group>";
		};
		0FFA49EC1A9B66ED0038D149 /* Supporting Files */ = {
			isa = PBXGroup;
			children = (
				0FFA49ED1A9B66ED0038D149 /* Info.plist */,
				0FFA49EE1A9B66ED0038D149 /* main.m */,
			);
			name = "Supporting Files";
			sourceTree = "<group>";
		};
		0FFA4A051A9B66ED0038D149 /* testSelectorsTests */ = {
			isa = PBXGroup;
			children = (
				0FFA4A161A9B67A80038D149 /* testSelectorsTests-Bridging-Header.h */,
				0FFA4A061A9B66ED0038D149 /* Supporting Files */,
				0FFA4A171A9B67A80038D149 /* fooTest.swift */,
			);
			path = testSelectorsTests;
			sourceTree = "<group>";
		};
		0FFA4A061A9B66ED0038D149 /* Supporting Files */ = {
			isa = PBXGroup;
			children = (
				0FFA4A071A9B66ED0038D149 /* Info.plist */,
			);
			name = "Supporting Files";
			sourceTree = "<group>";
		};
/* End PBXGroup section */

/* Begin PBXNativeTarget section */
		0FFA49E81A9B66ED0038D149 /* testSelectors */ = {
			isa = PBXNativeTarget;
			buildConfigurationList = 0FFA4A0C1A9B66ED0038D149 /* Build configuration list for PBXNativeTarget "testSelectors" */;
			buildPhases = (
				0FFA49E51A9B66ED0038D149 /* Sources */,
				0FFA49E61A9B66ED0038D149 /* Frameworks */,
				0FFA49E71A9B66ED0038D149 /* Resources */,
			);
			buildRules = (
			);
			dependencies = (
			);
			name = testSelectors;
			productName = testSelectors;
			productReference = 0FFA49E91A9B66ED0038D149 /* testSelectors.app */;
			productType = "com.apple.product-type.application";
		};
		0FFA4A011A9B66ED0038D149 /* testSelectorsTests */ = {
			isa = PBXNativeTarget;
			buildConfigurationList = 0FFA4A0F1A9B66ED0038D149 /* Build configuration list for PBXNativeTarget "testSelectorsTests" */;
			buildPhases = (
				0FFA49FE1A9B66ED0038D149 /* Sources */,
				0FFA49FF1A9B66ED0038D149 /* Frameworks */,
				0FFA4A001A9B66ED0038D149 /* Resources */,
			);
			buildRules = (
			);
			dependencies = (
				0FFA4A041A9B66ED0038D149 /* PBXTargetDependency */,
			);
			name = testSelectorsTests;
			productName = testSelectorsTests;
			productReference = 0FFA4A021A9B66ED0038D149 /* testSelectorsTests.xctest */;
			productType = "com.apple.product-type.bundle.unit-test";
		};
/* End PBXNativeTarget section */

/* Begin PBXProject section */
		0FFA49E11A9B66ED0038D149 /* Project object */ = {
			isa = PBXProject;
			attributes = {
				LastUpgradeCheck = 0610;
				ORGANIZATIONNAME = mobbu;
				TargetAttributes = {
					0FFA49E81A9B66ED0038D149 = {
						CreatedOnToolsVersion = 6.1.1;
					};
					0FFA4A011A9B66ED0038D149 = {
						CreatedOnToolsVersion = 6.1.1;
						TestTargetID = 0FFA49E81A9B66ED0038D149;
					};
				};
			};
			buildConfigurationList = 0FFA49E41A9B66ED0038D149 /* Build configuration list for PBXProject "testSelectors" */;
			compatibilityVersion = "Xcode 3.2";
			developmentRegion = English;
			hasScannedForEncodings = 0;
			knownRegions = (
				en,
				Base,
			);
			mainGroup = 0FFA49E01A9B66ED0038D149;
			productRefGroup = 0FFA49EA1A9B66ED0038D149 /* Products */;
			projectDirPath = "";
			projectRoot = "";
			targets = (
				0FFA49E81A9B66ED0038D149 /* testSelectors */,
				0FFA4A011A9B66ED0038D149 /* testSelectorsTests */,
			);
		};
/* End PBXProject section */

/* Begin PBXResourcesBuildPhase section */
		0FFA49E71A9B66ED0038D149 /* Resources */ = {
			isa = PBXResourcesBuildPhase;
			buildActionMask = 2147483647;
			files = (
			);
			runOnlyForDeploymentPostprocessing = 0;
		};
		0FFA4A001A9B66ED0038D149 /* Resources */ = {
			isa = PBXResourcesBuildPhase;
			buildActionMask = 2147483647;
			files = (
			);
			runOnlyForDeploymentPostprocessing = 0;
		};
/* End PBXResourcesBuildPhase section */

/* Begin PBXSourcesBuildPhase section */
		0FFA49E51A9B66ED0038D149 /* Sources */ = {
			isa = PBXSourcesBuildPhase;
			buildActionMask = 2147483647;
			files = (
				0FFA4A141A9B67200038D149 /* foo.m in Sources */,
				0FFA49F21A9B66ED0038D149 /* AppDelegate.m in Sources */,
				0FFA49EF1A9B66ED0038D149 /* main.m in Sources */,
			);
			runOnlyForDeploymentPostprocessing = 0;
		};
		0FFA49FE1A9B66ED0038D149 /* Sources */ = {
			isa = PBXSourcesBuildPhase;
			buildActionMask = 2147483647;
			files = (
				0FFA4A181A9B67A80038D149 /* fooTest.swift in Sources */,
				0FFA4A151A9B67200038D149 /* foo.m in Sources */,
			);
			runOnlyForDeploymentPostprocessing = 0;
		};
/* End PBXSourcesBuildPhase section */

/* Begin PBXTargetDependency section */
		0FFA4A041A9B66ED0038D149 /* PBXTargetDependency */ = {
			isa = PBXTargetDependency;
			target = 0FFA49E81A9B66ED0038D149 /* testSelectors */;
			targetProxy = 0FFA4A031A9B66ED0038D149 /* PBXContainerItemProxy */;
		};
/* End PBXTargetDependency section */

/* Begin XCBuildConfiguration section */
		0FFA4A0A1A9B66ED0038D149 /* Debug */ = {
			isa = XCBuildConfiguration;
			buildSettings = {
				ALWAYS_SEARCH_USER_PATHS = NO;
				CLANG_CXX_LANGUAGE_STANDARD = "gnu++0x";
				CLANG_CXX_LIBRARY = "libc++";
				CLANG_ENABLE_MODULES = YES;
				CLANG_ENABLE_OBJC_ARC = YES;
				CLANG_WARN_BOOL_CONVERSION = YES;
				CLANG_WARN_CONSTANT_CONVERSION = YES;
				CLANG_WARN_DIRECT_OBJC_ISA_USAGE = YES_ERROR;
				CLANG_WARN_EMPTY_BODY = YES;
				CLANG_WARN_ENUM_CONVERSION = YES;
				CLANG_WARN_INT_CONVERSION = YES;
				CLANG_WARN_OBJC_ROOT_CLASS = YES_ERROR;
				CLANG_WARN_UNREACHABLE_CODE = YES;
				CLANG_WARN__DUPLICATE_METHOD_MATCH = YES;
				"CODE_SIGN_IDENTITY[sdk=iphoneos*]" = "iPhone Developer";
				COPY_PHASE_STRIP = NO;
				ENABLE_STRICT_OBJC_MSGSEND = YES;
				GCC_C_LANGUAGE_STANDARD = gnu99;
				GCC_DYNAMIC_NO_PIC = NO;
				GCC_OPTIMIZATION_LEVEL = 0;
				GCC_PREPROCESSOR_DEFINITIONS = (
					"DEBUG=1",
					"$(inherited)",
				);
				GCC_SYMBOLS_PRIVATE_EXTERN = NO;
				GCC_WARN_64_TO_32_BIT_CONVERSION = YES;
				GCC_WARN_ABOUT_RETURN_TYPE = YES_ERROR;
				GCC_WARN_UNDECLARED_SELECTOR = YES;
				GCC_WARN_UNINITIALIZED_AUTOS = YES_AGGRESSIVE;
				GCC_WARN_UNUSED_FUNCTION = YES;
				GCC_WARN_UNUSED_VARIABLE = YES;
				IPHONEOS_DEPLOYMENT_TARGET = 8.1;
				MTL_ENABLE_DEBUG_INFO = YES;
				ONLY_ACTIVE_ARCH = YES;
				SDKROOT = iphoneos;
				SWIFT_OBJC_BRIDGING_HEADER = "testSelectorsTests/testSelectorsTests-Bridging-Header.h";
				TARGETED_DEVICE_FAMILY = "1,2";
			};
			name = Debug;
		};
		0FFA4A0B1A9B66ED0038D149 /* Release */ = {
			isa = XCBuildConfiguration;
			buildSettings = {
				ALWAYS_SEARCH_USER_PATHS = NO;
				CLANG_CXX_LANGUAGE_STANDARD = "gnu++0x";
				CLANG_CXX_LIBRARY = "libc++";
				CLANG_ENABLE_MODULES = YES;
				CLANG_ENABLE_OBJC_ARC = YES;
				CLANG_WARN_BOOL_CONVERSION = YES;
				CLANG_WARN_CONSTANT_CONVERSION = YES;
				CLANG_WARN_DIRECT_OBJC_ISA_USAGE = YES_ERROR;
				CLANG_WARN_EMPTY_BODY = YES;
				CLANG_WARN_ENUM_CONVERSION = YES;
				CLANG_WARN_INT_CONVERSION = YES;
				CLANG_WARN_OBJC_ROOT_CLASS = YES_ERROR;
				CLANG_WARN_UNREACHABLE_CODE = YES;
				CLANG_WARN__DUPLICATE_METHOD_MATCH = YES;
				"CODE_SIGN_IDENTITY[sdk=iphoneos*]" = "iPhone Developer";
				COPY_PHASE_STRIP = YES;
				ENABLE_NS_ASSERTIONS = NO;
				ENABLE_STRICT_OBJC_MSGSEND = YES;
				GCC_C_LANGUAGE_STANDARD = gnu99;
				GCC_WARN_64_TO_32_BIT_CONVERSION = YES;
				GCC_WARN_ABOUT_RETURN_TYPE = YES_ERROR;
				GCC_WARN_UNDECLARED_SELECTOR = YES;
				GCC_WARN_UNINITIALIZED_AUTOS = YES_AGGRESSIVE;
				GCC_WARN_UNUSED_FUNCTION = YES;
				GCC_WARN_UNUSED_VARIABLE = YES;
				IPHONEOS_DEPLOYMENT_TARGET = 8.1;
				MTL_ENABLE_DEBUG_INFO = NO;
				SDKROOT = iphoneos;
				SWIFT_OBJC_BRIDGING_HEADER = "testSelectorsTests/testSelectorsTests-Bridging-Header.h";
				TARGETED_DEVICE_FAMILY = "1,2";
				VALIDATE_PRODUCT = YES;
			};
			name = Release;
		};
		0FFA4A0D1A9B66ED0038D149 /* Debug */ = {
			isa = XCBuildConfiguration;
			buildSettings = {
				ASSETCATALOG_COMPILER_APPICON_NAME = AppIcon;
				INFOPLIST_FILE = testSelectors/Info.plist;
				LD_RUNPATH_SEARCH_PATHS = "$(inherited) @executable_path/Frameworks";
				PRODUCT_NAME = "$(TARGET_NAME)";
			};
			name = Debug;
		};
		0FFA4A0E1A9B66ED0038D149 /* Release */ = {
			isa = XCBuildConfiguration;
			buildSettings = {
				ASSETCATALOG_COMPILER_APPICON_NAME = AppIcon;
				INFOPLIST_FILE = testSelectors/Info.plist;
				LD_RUNPATH_SEARCH_PATHS = "$(inherited) @executable_path/Frameworks";
				PRODUCT_NAME = "$(TARGET_NAME)";
			};
			name = Release;
		};
		0FFA4A101A9B66ED0038D149 /* Debug */ = {
			isa = XCBuildConfiguration;
			buildSettings = {
				BUNDLE_LOADER = "$(TEST_HOST)";
				CLANG_ENABLE_MODULES = YES;
				FRAMEWORK_SEARCH_PATHS = (
					"$(SDKROOT)/Developer/Library/Frameworks",
					"$(inherited)",
				);
				GCC_PREPROCESSOR_DEFINITIONS = (
					"DEBUG=1",
					"$(inherited)",
				);
				INFOPLIST_FILE = testSelectorsTests/Info.plist;
				LD_RUNPATH_SEARCH_PATHS = "$(inherited) @executable_path/Frameworks @loader_path/Frameworks";
				PRODUCT_NAME = "$(TARGET_NAME)";
				SWIFT_OBJC_BRIDGING_HEADER = "testSelectorsTests/testSelectorsTests-Bridging-Header.h";
				SWIFT_OPTIMIZATION_LEVEL = "-Onone";
				TEST_HOST = "$(BUILT_PRODUCTS_DIR)/testSelectors.app/testSelectors";
			};
			name = Debug;
		};
		0FFA4A111A9B66ED0038D149 /* Release */ = {
			isa = XCBuildConfiguration;
			buildSettings = {
				BUNDLE_LOADER = "$(TEST_HOST)";
				CLANG_ENABLE_MODULES = YES;
				FRAMEWORK_SEARCH_PATHS = (
					"$(SDKROOT)/Developer/Library/Frameworks",
					"$(inherited)",
				);
				INFOPLIST_FILE = testSelectorsTests/Info.plist;
				LD_RUNPATH_SEARCH_PATHS = "$(inherited) @executable_path/Frameworks @loader_path/Frameworks";
				PRODUCT_NAME = "$(TARGET_NAME)";
				SWIFT_OBJC_BRIDGING_HEADER = "testSelectorsTests/testSelectorsTests-Bridging-Header.h";
				TEST_HOST = "$(BUILT_PRODUCTS_DIR)/testSelectors.app/testSelectors";
			};
			name = Release;
		};
/* End XCBuildConfiguration section */

/* Begin XCConfigurationList section */
		0FFA49E41A9B66ED0038D149 /* Build configuration list for PBXProject "testSelectors" */ = {
			isa = XCConfigurationList;
			buildConfigurations = (
				0FFA4A0A1A9B66ED0038D149 /* Debug */,
				0FFA4A0B1A9B66ED0038D149 /* Release */,
			);
			defaultConfigurationIsVisible = 0;
			defaultConfigurationName = Release;
		};
		0FFA4A0C1A9B66ED0038D149 /* Build configuration list for PBXNativeTarget "testSelectors" */ = {
			isa = XCConfigurationList;
			buildConfigurations = (
				0FFA4A0D1A9B66ED0038D149 /* Debug */,
				0FFA4A0E1A9B66ED0038D149 /* Release */,
			);
			defaultConfigurationIsVisible = 0;
			defaultConfigurationName = Release;
		};
		0FFA4A0F1A9B66ED0038D149 /* Build configuration list for PBXNativeTarget "testSelectorsTests" */ = {
			isa = XCConfigurationList;
			buildConfigurations = (
				0FFA4A101A9B66ED0038D149 /* Debug */,
				0FFA4A111A9B66ED0038D149 /* Release */,
			);
			defaultConfigurationIsVisible = 0;
			defaultConfigurationName = Release;
		};
/* End XCConfigurationList section */
	};
	rootObject = 0FFA49E11A9B66ED0038D149 /* Project object */;
}
